{
  "version": 4,
  "terraform_version": "0.13.5",
  "serial": 109,
  "lineage": "02a3182e-e2d9-0e43-838b-9401831574a4",
  "outputs": {},
  "resources": [
    {
      "mode": "data",
      "type": "digitalocean_ssh_key",
      "name": "zenbook",
      "provider": "provider[\"registry.terraform.io/digitalocean/digitalocean\"]",
      "instances": [
        {
          "schema_version": 0,
          "attributes": {
            "fingerprint": "64:ee:19:26:7e:01:95:1f:32:26:89:b3:33:e6:0c:ff",
            "id": 28988645,
            "name": "zenbook",
            "public_key": "ssh-rsa AAAAB3NzaC1yc2EAAAADAQABAAACAQCovsfWST0mGf1XK33mTeHa6+sadxc+2kzHUWMnWF9ELNhVW/84iJh3YJxA5ez6gHf0BhRDOvKF3SQ1d1PWUVcnT7dlFiVoWM9/OePIKhuo2ByU/JE4YJtjFd0f6F62CRlK1TD8HlmOtDnDQtawrm5CPbsoE4kYV85R0i6mOCyaTzMt1Xyp5fYAjz1tNJGgGas0QOklUZBCkO3MM/zkbouL/xcioi7DE5mrk7PE+IzHQ1i11CBk3dc0WU90Z9h5bPRVmbgyF4Xlfog+pfV9ZTzcIUDcj1kVZW+fMsmbzNOP4F45crn2N1rUKnnVpUpFNpzlG0Yx6mfPcRkhBrOWGd/VWhjgfSP3mFaPN+g4GTqC5Bhq4N/lwykKbchE3bzu4E2zev8kmOGrBU0fMoIyyZV01OYDfBcir3r3Lx3MmZ3sV9/kBlXLLT4M4XMaGi4GAuK4Vm2cSBNL0NoGUDOv4KY/CiEhD7l+M/C4dyCUMDK2OegFRFsQtzAB4yTt8FsSHoXVHZs4xD1cIPFbigTHSgAUz5B+JVGOajs5z76ixEeRoYoi5SFRwBKAVLHeFDVKk8zRLd+XZcUdKt/MXhva3iF4KqmBFthpotLlu4XgAJpW80C4HwjaS71I8KmMj9k95GABVxK2Hch0HUcGuVMCozjU9boWfi3MrEJPNKbUDPiL7w== apetruska@akos-ZenBook"
          }
        }
      ]
    },
    {
      "mode": "managed",
      "type": "digitalocean_droplet",
      "name": "kube-master",
      "provider": "provider[\"registry.terraform.io/digitalocean/digitalocean\"]",
      "instances": [
        {
          "index_key": 0,
          "schema_version": 1,
          "attributes": {
            "backups": false,
            "created_at": "2020-11-25T13:54:17Z",
            "disk": 160,
            "id": "218411515",
            "image": "ubuntu-20-04-x64",
            "ipv4_address": "159.89.24.248",
            "ipv4_address_private": "10.114.0.2",
            "ipv6": false,
            "ipv6_address": "",
            "locked": false,
            "memory": 8192,
            "monitoring": false,
            "name": "kube-master-0",
            "price_hourly": 0.05952,
            "price_monthly": 40,
            "private_networking": true,
            "region": "fra1",
            "resize_disk": true,
            "size": "s-4vcpu-8gb",
            "ssh_keys": [
              "28988645"
            ],
            "status": "active",
            "tags": null,
            "urn": "do:droplet:218411515",
            "user_data": null,
            "vcpus": 4,
            "volume_ids": [],
            "vpc_uuid": "210481bc-1494-49b6-b711-0a6ff2c7b9f1"
          },
          "private": "eyJzY2hlbWFfdmVyc2lvbiI6IjEifQ==",
          "dependencies": [
            "data.digitalocean_ssh_key.zenbook"
          ]
        },
        {
          "index_key": 1,
          "schema_version": 1,
          "attributes": {
            "backups": false,
            "created_at": "2020-11-25T13:54:17Z",
            "disk": 160,
            "id": "218411514",
            "image": "ubuntu-20-04-x64",
            "ipv4_address": "134.209.227.221",
            "ipv4_address_private": "10.114.0.3",
            "ipv6": false,
            "ipv6_address": "",
            "locked": false,
            "memory": 8192,
            "monitoring": false,
            "name": "kube-master-1",
            "price_hourly": 0.05952,
            "price_monthly": 40,
            "private_networking": true,
            "region": "fra1",
            "resize_disk": true,
            "size": "s-4vcpu-8gb",
            "ssh_keys": [
              "28988645"
            ],
            "status": "active",
            "tags": null,
            "urn": "do:droplet:218411514",
            "user_data": null,
            "vcpus": 4,
            "volume_ids": [],
            "vpc_uuid": "210481bc-1494-49b6-b711-0a6ff2c7b9f1"
          },
          "private": "eyJzY2hlbWFfdmVyc2lvbiI6IjEifQ==",
          "dependencies": [
            "data.digitalocean_ssh_key.zenbook"
          ]
        }
      ]
    },
    {
      "mode": "managed",
      "type": "digitalocean_volume",
      "name": "kube-master-volume",
      "provider": "provider[\"registry.terraform.io/digitalocean/digitalocean\"]",
      "instances": [
        {
          "index_key": 0,
          "schema_version": 0,
          "attributes": {
            "description": "Docker Storage",
            "droplet_ids": [],
            "filesystem_label": null,
            "filesystem_type": "ext4",
            "id": "b6024847-2f25-11eb-887c-0a58ac14d0d6",
            "initial_filesystem_label": null,
            "initial_filesystem_type": "ext4",
            "name": "kube-master-volume-0",
            "region": "fra1",
            "size": 20,
            "snapshot_id": null,
            "tags": null,
            "urn": "do:volume:b6024847-2f25-11eb-887c-0a58ac14d0d6"
          },
          "private": "bnVsbA=="
        },
        {
          "index_key": 1,
          "schema_version": 0,
          "attributes": {
            "description": "Docker Storage",
            "droplet_ids": [],
            "filesystem_label": null,
            "filesystem_type": "ext4",
            "id": "b6065747-2f25-11eb-9a57-0a58ac14d0d7",
            "initial_filesystem_label": null,
            "initial_filesystem_type": "ext4",
            "name": "kube-master-volume-1",
            "region": "fra1",
            "size": 20,
            "snapshot_id": null,
            "tags": null,
            "urn": "do:volume:b6065747-2f25-11eb-9a57-0a58ac14d0d7"
          },
          "private": "bnVsbA=="
        }
      ]
    },
    {
      "mode": "managed",
      "type": "digitalocean_volume_attachment",
      "name": "kube-volumes",
      "provider": "provider[\"registry.terraform.io/digitalocean/digitalocean\"]",
      "instances": [
        {
          "index_key": 0,
          "schema_version": 0,
          "attributes": {
            "droplet_id": 218411515,
            "id": "218411515-b6024847-2f25-11eb-887c-0a58ac14d0d6-20201125135526250000000002",
            "volume_id": "b6024847-2f25-11eb-887c-0a58ac14d0d6"
          },
          "private": "bnVsbA==",
          "dependencies": [
            "data.digitalocean_ssh_key.zenbook",
            "digitalocean_droplet.kube-master",
            "digitalocean_volume.kube-master-volume"
          ]
        },
        {
          "index_key": 1,
          "schema_version": 0,
          "attributes": {
            "droplet_id": 218411514,
            "id": "218411514-b6065747-2f25-11eb-9a57-0a58ac14d0d7-20201125135526249900000001",
            "volume_id": "b6065747-2f25-11eb-9a57-0a58ac14d0d7"
          },
          "private": "bnVsbA==",
          "dependencies": [
            "data.digitalocean_ssh_key.zenbook",
            "digitalocean_droplet.kube-master",
            "digitalocean_volume.kube-master-volume"
          ]
        }
      ]
    }
  ]
}
