{
  "version": 4,
  "terraform_version": "0.13.5",
  "serial": 115,
  "lineage": "615c4ba3-039e-0b59-7bd7-cc6d7542f45d",
  "outputs": {},
  "resources": [
    {
      "mode": "data",
      "type": "digitalocean_ssh_key",
      "name": "zenbook",
      "provider": "provider[\"registry.terraform.io/digitalocean/digitalocean\"]",
      "instances": [
        {
          "schema_version": 0,
          "attributes": {
            "fingerprint": "64:ee:19:26:7e:01:95:1f:32:26:89:b3:33:e6:0c:ff",
            "id": 28988645,
            "name": "zenbook",
            "public_key": "ssh-rsa AAAAB3NzaC1yc2EAAAADAQABAAACAQCovsfWST0mGf1XK33mTeHa6+sadxc+2kzHUWMnWF9ELNhVW/84iJh3YJxA5ez6gHf0BhRDOvKF3SQ1d1PWUVcnT7dlFiVoWM9/OePIKhuo2ByU/JE4YJtjFd0f6F62CRlK1TD8HlmOtDnDQtawrm5CPbsoE4kYV85R0i6mOCyaTzMt1Xyp5fYAjz1tNJGgGas0QOklUZBCkO3MM/zkbouL/xcioi7DE5mrk7PE+IzHQ1i11CBk3dc0WU90Z9h5bPRVmbgyF4Xlfog+pfV9ZTzcIUDcj1kVZW+fMsmbzNOP4F45crn2N1rUKnnVpUpFNpzlG0Yx6mfPcRkhBrOWGd/VWhjgfSP3mFaPN+g4GTqC5Bhq4N/lwykKbchE3bzu4E2zev8kmOGrBU0fMoIyyZV01OYDfBcir3r3Lx3MmZ3sV9/kBlXLLT4M4XMaGi4GAuK4Vm2cSBNL0NoGUDOv4KY/CiEhD7l+M/C4dyCUMDK2OegFRFsQtzAB4yTt8FsSHoXVHZs4xD1cIPFbigTHSgAUz5B+JVGOajs5z76ixEeRoYoi5SFRwBKAVLHeFDVKk8zRLd+XZcUdKt/MXhva3iF4KqmBFthpotLlu4XgAJpW80C4HwjaS71I8KmMj9k95GABVxK2Hch0HUcGuVMCozjU9boWfi3MrEJPNKbUDPiL7w== apetruska@akos-ZenBook"
          }
        }
      ]
    },
    {
      "mode": "managed",
      "type": "digitalocean_droplet",
      "name": "kube-master",
      "provider": "provider[\"registry.terraform.io/digitalocean/digitalocean\"]",
      "instances": [
        {
          "index_key": 0,
          "schema_version": 1,
          "attributes": {
            "backups": false,
            "created_at": "2020-11-26T15:13:29Z",
            "disk": 160,
            "id": "218586463",
            "image": "ubuntu-20-04-x64",
            "ipv4_address": "68.183.213.111",
            "ipv4_address_private": "10.114.0.3",
            "ipv6": false,
            "ipv6_address": "",
            "locked": false,
            "memory": 8192,
            "monitoring": false,
            "name": "kube-master-0",
            "price_hourly": 0.05952,
            "price_monthly": 40,
            "private_networking": true,
            "region": "fra1",
            "resize_disk": true,
            "size": "s-4vcpu-8gb",
            "ssh_keys": [
              "28988645"
            ],
            "status": "active",
            "tags": null,
            "urn": "do:droplet:218586463",
            "user_data": null,
            "vcpus": 4,
            "volume_ids": [],
            "vpc_uuid": "210481bc-1494-49b6-b711-0a6ff2c7b9f1"
          },
          "private": "eyJzY2hlbWFfdmVyc2lvbiI6IjEifQ==",
          "dependencies": [
            "data.digitalocean_ssh_key.zenbook"
          ]
        },
        {
          "index_key": 1,
          "schema_version": 1,
          "attributes": {
            "backups": false,
            "created_at": "2020-11-26T15:13:29Z",
            "disk": 160,
            "id": "218586466",
            "image": "ubuntu-20-04-x64",
            "ipv4_address": "68.183.213.218",
            "ipv4_address_private": "10.114.0.4",
            "ipv6": false,
            "ipv6_address": "",
            "locked": false,
            "memory": 8192,
            "monitoring": false,
            "name": "kube-master-1",
            "price_hourly": 0.05952,
            "price_monthly": 40,
            "private_networking": true,
            "region": "fra1",
            "resize_disk": true,
            "size": "s-4vcpu-8gb",
            "ssh_keys": [
              "28988645"
            ],
            "status": "active",
            "tags": null,
            "urn": "do:droplet:218586466",
            "user_data": null,
            "vcpus": 4,
            "volume_ids": [],
            "vpc_uuid": "210481bc-1494-49b6-b711-0a6ff2c7b9f1"
          },
          "private": "eyJzY2hlbWFfdmVyc2lvbiI6IjEifQ==",
          "dependencies": [
            "data.digitalocean_ssh_key.zenbook"
          ]
        }
      ]
    },
    {
      "mode": "managed",
      "type": "digitalocean_droplet",
      "name": "kube-worker",
      "provider": "provider[\"registry.terraform.io/digitalocean/digitalocean\"]",
      "instances": [
        {
          "index_key": 0,
          "schema_version": 1,
          "attributes": {
            "backups": false,
            "created_at": "2020-11-26T15:13:29Z",
            "disk": 25,
            "id": "218586462",
            "image": "ubuntu-20-04-x64",
            "ipv4_address": "138.68.87.134",
            "ipv4_address_private": "10.114.0.2",
            "ipv6": false,
            "ipv6_address": "",
            "locked": false,
            "memory": 1024,
            "monitoring": false,
            "name": "kube-worker-0",
            "price_hourly": 0.00744,
            "price_monthly": 5,
            "private_networking": true,
            "region": "fra1",
            "resize_disk": true,
            "size": "s-1vcpu-1gb",
            "ssh_keys": [
              "28988645"
            ],
            "status": "active",
            "tags": null,
            "urn": "do:droplet:218586462",
            "user_data": null,
            "vcpus": 1,
            "volume_ids": [],
            "vpc_uuid": "210481bc-1494-49b6-b711-0a6ff2c7b9f1"
          },
          "private": "eyJzY2hlbWFfdmVyc2lvbiI6IjEifQ==",
          "dependencies": [
            "data.digitalocean_ssh_key.zenbook"
          ]
        },
        {
          "index_key": 1,
          "schema_version": 1,
          "attributes": {
            "backups": false,
            "created_at": "2020-11-26T15:13:29Z",
            "disk": 25,
            "id": "218586465",
            "image": "ubuntu-20-04-x64",
            "ipv4_address": "206.189.50.157",
            "ipv4_address_private": "10.114.0.5",
            "ipv6": false,
            "ipv6_address": "",
            "locked": false,
            "memory": 1024,
            "monitoring": false,
            "name": "kube-worker-1",
            "price_hourly": 0.00744,
            "price_monthly": 5,
            "private_networking": true,
            "region": "fra1",
            "resize_disk": true,
            "size": "s-1vcpu-1gb",
            "ssh_keys": [
              "28988645"
            ],
            "status": "active",
            "tags": null,
            "urn": "do:droplet:218586465",
            "user_data": null,
            "vcpus": 1,
            "volume_ids": [],
            "vpc_uuid": "210481bc-1494-49b6-b711-0a6ff2c7b9f1"
          },
          "private": "eyJzY2hlbWFfdmVyc2lvbiI6IjEifQ==",
          "dependencies": [
            "data.digitalocean_ssh_key.zenbook"
          ]
        },
        {
          "index_key": 2,
          "schema_version": 1,
          "attributes": {
            "backups": false,
            "created_at": "2020-11-26T15:13:29Z",
            "disk": 25,
            "id": "218586464",
            "image": "ubuntu-20-04-x64",
            "ipv4_address": "68.183.221.137",
            "ipv4_address_private": "10.114.0.6",
            "ipv6": false,
            "ipv6_address": "",
            "locked": false,
            "memory": 1024,
            "monitoring": false,
            "name": "kube-worker-2",
            "price_hourly": 0.00744,
            "price_monthly": 5,
            "private_networking": true,
            "region": "fra1",
            "resize_disk": true,
            "size": "s-1vcpu-1gb",
            "ssh_keys": [
              "28988645"
            ],
            "status": "active",
            "tags": null,
            "urn": "do:droplet:218586464",
            "user_data": null,
            "vcpus": 1,
            "volume_ids": [],
            "vpc_uuid": "210481bc-1494-49b6-b711-0a6ff2c7b9f1"
          },
          "private": "eyJzY2hlbWFfdmVyc2lvbiI6IjEifQ==",
          "dependencies": [
            "data.digitalocean_ssh_key.zenbook"
          ]
        }
      ]
    },
    {
      "mode": "managed",
      "type": "digitalocean_volume",
      "name": "docker",
      "provider": "provider[\"registry.terraform.io/digitalocean/digitalocean\"]",
      "instances": [
        {
          "index_key": 0,
          "schema_version": 0,
          "attributes": {
            "description": "Docker Storage",
            "droplet_ids": [],
            "filesystem_label": null,
            "filesystem_type": "ext4",
            "id": "f09bb6ac-2ff9-11eb-a60b-0a58ac14d079",
            "initial_filesystem_label": null,
            "initial_filesystem_type": "ext4",
            "name": "docker-master0",
            "region": "fra1",
            "size": 20,
            "snapshot_id": null,
            "tags": null,
            "urn": "do:volume:f09bb6ac-2ff9-11eb-a60b-0a58ac14d079"
          },
          "private": "bnVsbA=="
        },
        {
          "index_key": 1,
          "schema_version": 0,
          "attributes": {
            "description": "Docker Storage",
            "droplet_ids": [],
            "filesystem_label": null,
            "filesystem_type": "ext4",
            "id": "f09b3f99-2ff9-11eb-9a57-0a58ac14d0d7",
            "initial_filesystem_label": null,
            "initial_filesystem_type": "ext4",
            "name": "docker-master1",
            "region": "fra1",
            "size": 20,
            "snapshot_id": null,
            "tags": null,
            "urn": "do:volume:f09b3f99-2ff9-11eb-9a57-0a58ac14d0d7"
          },
          "private": "bnVsbA=="
        }
      ]
    },
    {
      "mode": "managed",
      "type": "digitalocean_volume",
      "name": "docker-worker",
      "provider": "provider[\"registry.terraform.io/digitalocean/digitalocean\"]",
      "instances": [
        {
          "index_key": 0,
          "schema_version": 0,
          "attributes": {
            "description": "Docker Storage",
            "droplet_ids": [],
            "filesystem_label": null,
            "filesystem_type": "ext4",
            "id": "f09e68b3-2ff9-11eb-9a57-0a58ac14d0d7",
            "initial_filesystem_label": null,
            "initial_filesystem_type": "ext4",
            "name": "docker-worker0",
            "region": "fra1",
            "size": 20,
            "snapshot_id": null,
            "tags": null,
            "urn": "do:volume:f09e68b3-2ff9-11eb-9a57-0a58ac14d0d7"
          },
          "private": "bnVsbA=="
        },
        {
          "index_key": 1,
          "schema_version": 0,
          "attributes": {
            "description": "Docker Storage",
            "droplet_ids": [],
            "filesystem_label": null,
            "filesystem_type": "ext4",
            "id": "f098a8f8-2ff9-11eb-a642-0a58ac14d125",
            "initial_filesystem_label": null,
            "initial_filesystem_type": "ext4",
            "name": "docker-worker1",
            "region": "fra1",
            "size": 20,
            "snapshot_id": null,
            "tags": null,
            "urn": "do:volume:f098a8f8-2ff9-11eb-a642-0a58ac14d125"
          },
          "private": "bnVsbA=="
        },
        {
          "index_key": 2,
          "schema_version": 0,
          "attributes": {
            "description": "Docker Storage",
            "droplet_ids": [],
            "filesystem_label": null,
            "filesystem_type": "ext4",
            "id": "f09541ba-2ff9-11eb-a642-0a58ac14d125",
            "initial_filesystem_label": null,
            "initial_filesystem_type": "ext4",
            "name": "docker-worker2",
            "region": "fra1",
            "size": 20,
            "snapshot_id": null,
            "tags": null,
            "urn": "do:volume:f09541ba-2ff9-11eb-a642-0a58ac14d125"
          },
          "private": "bnVsbA=="
        }
      ]
    },
    {
      "mode": "managed",
      "type": "digitalocean_volume_attachment",
      "name": "kube-volumes-master",
      "provider": "provider[\"registry.terraform.io/digitalocean/digitalocean\"]",
      "instances": [
        {
          "index_key": 0,
          "schema_version": 0,
          "attributes": {
            "droplet_id": 218586463,
            "id": "218586463-f09bb6ac-2ff9-11eb-a60b-0a58ac14d079-20201126151657397400000001",
            "volume_id": "f09bb6ac-2ff9-11eb-a60b-0a58ac14d079"
          },
          "private": "bnVsbA==",
          "dependencies": [
            "data.digitalocean_ssh_key.zenbook",
            "digitalocean_droplet.kube-master",
            "digitalocean_volume.docker"
          ]
        },
        {
          "index_key": 1,
          "schema_version": 0,
          "attributes": {
            "droplet_id": 218586466,
            "id": "218586466-f09b3f99-2ff9-11eb-9a57-0a58ac14d0d7-20201126151657397400000002",
            "volume_id": "f09b3f99-2ff9-11eb-9a57-0a58ac14d0d7"
          },
          "private": "bnVsbA==",
          "dependencies": [
            "data.digitalocean_ssh_key.zenbook",
            "digitalocean_droplet.kube-master",
            "digitalocean_volume.docker"
          ]
        }
      ]
    },
    {
      "mode": "managed",
      "type": "digitalocean_volume_attachment",
      "name": "kube-volumes-worker",
      "provider": "provider[\"registry.terraform.io/digitalocean/digitalocean\"]",
      "instances": [
        {
          "index_key": 0,
          "schema_version": 0,
          "attributes": {
            "droplet_id": 218586462,
            "id": "218586462-f09e68b3-2ff9-11eb-9a57-0a58ac14d0d7-20201126151850436800000005",
            "volume_id": "f09e68b3-2ff9-11eb-9a57-0a58ac14d0d7"
          },
          "private": "bnVsbA==",
          "dependencies": [
            "data.digitalocean_ssh_key.zenbook",
            "digitalocean_droplet.kube-worker",
            "digitalocean_volume.docker-worker"
          ]
        },
        {
          "index_key": 1,
          "schema_version": 0,
          "attributes": {
            "droplet_id": 218586465,
            "id": "218586465-f098a8f8-2ff9-11eb-a642-0a58ac14d125-20201126151850129600000003",
            "volume_id": "f098a8f8-2ff9-11eb-a642-0a58ac14d125"
          },
          "private": "bnVsbA==",
          "dependencies": [
            "data.digitalocean_ssh_key.zenbook",
            "digitalocean_droplet.kube-worker",
            "digitalocean_volume.docker-worker"
          ]
        },
        {
          "index_key": 2,
          "schema_version": 0,
          "attributes": {
            "droplet_id": 218586464,
            "id": "218586464-f09541ba-2ff9-11eb-a642-0a58ac14d125-20201126151850181800000004",
            "volume_id": "f09541ba-2ff9-11eb-a642-0a58ac14d125"
          },
          "private": "bnVsbA==",
          "dependencies": [
            "data.digitalocean_ssh_key.zenbook",
            "digitalocean_droplet.kube-worker",
            "digitalocean_volume.docker-worker"
          ]
        }
      ]
    }
  ]
}
